
Microsoft Visual Studio Solution File, Format Version 12.00
# Visual Studio Version 17
VisualStudioVersion = 17.1.32407.343
MinimumVisualStudioVersion = 10.0.40219.1
Project("{FAE04EC0-301F-11D3-BF4B-00C04F79EFBC}") = "dss", "dss.csproj", "{2CE6FFE4-6E88-4FC2-A366-1FB84CF8FAE7}"
EndProject
Global
	GlobalSection(SolutionConfigurationPlatforms) = preSolution
		Debug|Any CPU = Debug|Any CPU
		Release|Any CPU = Release|Any CPU
	EndGlobalSection
	GlobalSection(ProjectConfigurationPlatforms) = postSolution
		{2CE6FFE4-6E88-4FC2-A366-1FB84CF8FAE7}.Debug|Any CPU.ActiveCfg = Debug|Any CPU
		{2CE6FFE4-6E88-4FC2-A366-1FB84CF8FAE7}.Debug|Any CPU.Build.0 = Debug|Any CPU
		{2CE6FFE4-6E88-4FC2-A366-1FB84CF8FAE7}.Release|Any CPU.ActiveCfg = Release|Any CPU
		{2CE6FFE4-6E88-4FC2-A366-1FB84CF8FAE7}.Release|Any CPU.Build.0 = Release|Any CPU
	EndGlobalSection
	GlobalSection(SolutionProperties) = preSolution
		HideSolutionNode = FALSE
	EndGlobalSection
	GlobalSection(ExtensibilityGlobals) = postSolution
		SolutionGuid = {B4E87A10-5E57-41F6-9B7E-4E9B809A58C3}
	EndGlobalSection
EndGlobal
